
Microsoft Visual Studio Solution File, Format Version 12.00
# Visual Studio Version 16
VisualStudioVersion = 16.0.31402.337
MinimumVisualStudioVersion = 10.0.40219.1
Project("{9A19103F-16F7-4668-BE54-9A1E7A4F7556}") = "WebApplication5", "WebApplication5\WebApplication5.csproj", "{8D42CE55-1ADF-4032-8825-2913967D9425}"
EndProject
Project("{FAE04EC0-301F-11D3-BF4B-00C04F79EFBC}") = "TestCase", "TestCase\TestCase.csproj", "{8777942B-1516-450A-B73C-5EAE54461EB1}"
EndProject
Project("{FAE04EC0-301F-11D3-BF4B-00C04F79EFBC}") = "HexKeyGenarator", "HexKeyGenarator\HexKeyGenarator.csproj", "{BA95C0CD-BB47-41C7-8F40-6EEED830246A}"
EndProject
Global
	GlobalSection(SolutionConfigurationPlatforms) = preSolution
		Debug|Any CPU = Debug|Any CPU
		Release|Any CPU = Release|Any CPU
	EndGlobalSection
	GlobalSection(ProjectConfigurationPlatforms) = postSolution
		{8D42CE55-1ADF-4032-8825-2913967D9425}.Debug|Any CPU.ActiveCfg = Debug|Any CPU
		{8D42CE55-1ADF-4032-8825-2913967D9425}.Debug|Any CPU.Build.0 = Debug|Any CPU
		{8D42CE55-1ADF-4032-8825-2913967D9425}.Release|Any CPU.ActiveCfg = Release|Any CPU
		{8D42CE55-1ADF-4032-8825-2913967D9425}.Release|Any CPU.Build.0 = Release|Any CPU
		{8777942B-1516-450A-B73C-5EAE54461EB1}.Debug|Any CPU.ActiveCfg = Debug|Any CPU
		{8777942B-1516-450A-B73C-5EAE54461EB1}.Debug|Any CPU.Build.0 = Debug|Any CPU
		{8777942B-1516-450A-B73C-5EAE54461EB1}.Release|Any CPU.ActiveCfg = Release|Any CPU
		{8777942B-1516-450A-B73C-5EAE54461EB1}.Release|Any CPU.Build.0 = Release|Any CPU
		{BA95C0CD-BB47-41C7-8F40-6EEED830246A}.Debug|Any CPU.ActiveCfg = Debug|Any CPU
		{BA95C0CD-BB47-41C7-8F40-6EEED830246A}.Debug|Any CPU.Build.0 = Debug|Any CPU
		{BA95C0CD-BB47-41C7-8F40-6EEED830246A}.Release|Any CPU.ActiveCfg = Release|Any CPU
		{BA95C0CD-BB47-41C7-8F40-6EEED830246A}.Release|Any CPU.Build.0 = Release|Any CPU
	EndGlobalSection
	GlobalSection(SolutionProperties) = preSolution
		HideSolutionNode = FALSE
	EndGlobalSection
	GlobalSection(ExtensibilityGlobals) = postSolution
		SolutionGuid = {3BDCF6DC-1BE2-474F-993C-EE5306E338BD}
	EndGlobalSection
EndGlobal
